{
  "version": 4,
  "terraform_version": "1.3.9",
  "serial": 434,
  "lineage": "8e9e9067-acbc-c957-8d41-654757e04a88",
  "outputs": {},
  "resources": [
    {
      "mode": "managed",
      "type": "yandex_compute_instance",
      "name": "nat",
      "provider": "provider[\"registry.terraform.io/yandex-cloud/yandex\"]",
      "instances": [
        {
          "schema_version": 1,
          "attributes": {
            "allow_recreate": null,
            "allow_stopping_for_update": true,
            "boot_disk": [
              {
                "auto_delete": true,
                "device_name": "fhm7j47ihmf4v0qieu18",
                "disk_id": "fhm7j47ihmf4v0qieu18",
                "initialize_params": [
                  {
                    "block_size": 4096,
                    "description": "",
                    "image_id": "fd80mrhj8fl2oe87o4e1",
                    "name": "",
                    "size": 3,
                    "snapshot_id": "",
                    "type": "network-hdd"
                  }
                ],
                "mode": "READ_WRITE"
              }
            ],
            "created_at": "2024-04-26T14:47:18Z",
            "description": "",
            "filesystem": [],
            "folder_id": "b1g14qkpbc62vbfql4fm",
            "fqdn": "fhmdsj7h9pd553uaq3in.auto.internal",
            "gpu_cluster_id": "",
            "hostname": "",
            "id": "fhmdsj7h9pd553uaq3in",
            "labels": null,
            "local_disk": [],
            "maintenance_grace_period": "",
            "maintenance_policy": null,
            "metadata": {
              "user-data": "#cloud-config\nusers:\n  - name: alex\n    groups: sudo\n    shell: /bin/bash\n    sudo: 'ALL=(ALL) NOPASSWD:ALL'\n    ssh-authorized-keys:\n      - ssh-rsa AAAAB3NzaC1yc2EAAAADAQABAAABgQD4laEVoURAgG1LNWacvgtD8waxXOUMr4zt+yGyOXyBZF5bmqNeT+c112TYn0arJRX8aRiPgRcQhuBnrTPVAnyu8bKD3HptCJpsIj2acqC7Y3zlxbnsFlrlaVizDkLyDhia4hkQPlyQJNRFFNg6bkDrH0oRAbNax1xeVo1s9wDmZwYcInAPx8TU7WruHS/AuSkfP05MgfTYRCCLDASIN8QFDtslp6gZKkHeOztbAsqfmEjtRk/vS7ABghixMxqcIpLJI9WY3V6pGcsjbBy6izmON6N5rBp7ayrn5H2GHdxiF/lEtu2Fn7Iv4Y30+yxGiyndtWzy8xdhOeD8/l/xZjgSNuYIAB7CquGQLG7wI4hO7wGJ2oyPtX4ysWFIzFPwN+Og2bpYOPzFHHq6dxkf3030OCSUHmUpl9n/zx8Mq3nB+7wqn0YosUBa6i9V2Cq5BmLEaIk4AB9wIGeJcRF2T4zToX66i5kIH5wimuyzx7jzo+xiSvUqUWG1zEUZDRI3zgM= admin@localhost.localdomain\n\nwrite_files:\n- path: /root/.ssh/id_rsa\n  permissions: 0600\n  owner: root:root\n  content: |\n      -----BEGIN RSA PRIVATE KEY-----\n      MIIG4wIBAAKCAYEA+JWhFaFEQIBtSzVmnL4LQ/MGsVzlDK+M7fshsjl8gWReW5qj\n      Xk/nNddk2J9GqyUV/GkYj4EXEIbgZ60z1QJ8rvGyg9x6bQiabCI9mnKgu2N85cW5\n      7BZa5WlYsw5C8g4YmuIZED5ckCTURRTYOm5A6x9KEQGzWsdcXlaNbPcA5mcGHCJw\n      D8fE1O1q7h0vwLkpHz9OTIH02EQgiwwEiDfEBQ7bJaeoGSpB3js7WwLKn5hI7UZP\n      70uwAYIYsTManCKSySPVmN1eqRnLI2wcuos5jjejeawae2sq5+R9hh3cYhf5RLbt\n      hZ+yL+GN9PssRosp3bVs8vMXYTng/P5f8WY4EjbmCAAewqrhkCxu8COITu8BidqM\n      j7V+MrFhSMxT8DfjoNm6WDj8xRx6uncZH99N9DgklB5lKZfZ/88fDKt5wfu8Kp9G\n      KLFAWuovVdgquQZixGiJOAAfcCBniXERdk+M06F+uouZCB+cIprss8e486PsYkr1\n      KlFhtcxFGQ0SN84DAgMBAAECggGASQtiwaHZFeEG/I4NAGrhkY5kfZKP5ZniHf3o\n      yV+WA8lz5pP6hFiTVqFby0GGOP0VSE2zf1uN5PfVEfH1pJZt/9Qawh9zw/0+rx6i\n      nnMnYtjZlwTyXHq3K+k4PKkop8rXlQ9yEPFaLqr7yu7UmNrT7aMMlxG6W6bwL/Jb\n      7VRpacqFI5hE+IYZgv3eqWhfI1DlUf6+qcGYKkJek60s2cAVM+1JHPf2b6qYn04l\n      Y1lfI+VSLJK4I1dIuTC6w7sCCzYm+n01ZmHvXKPKJhPQKlCM2sC5f9W7qVTYc6Ei\n      RymxZ0oWlhMq14J6Wscwq46oJ8+i2ruuN1Q5HIEvb7ZFbw3Fen1jGoFVuPLLLLtB\n      r4E3qowb8qC5vjjqDjKo9g0tFoNI53qTwVg7wxQVczhehQTlmLO+G8xp7gsIqFNr\n      ywSvZH5tlc7ql4Xi56mURPhrz0k3hsI7wzl4Pxww036a8jj/TuS1BXWfkwv2sTek\n      FUuJitdo4qtKq6SF58j/zJSpDiVNAoHBAP1zZwB9t5zvLUM29NodZs64eZLRHp9B\n      rBBhxfa1ke0EYJmgPTGTRCpeO/Vmq0JPvC7WebNPN+4qtJjWu/fWauPEb8FC/7bB\n      AsVv+RzCWRH/Am4x4ha7vGffurWQl+SXfG5DiKDPQF7azaZN+/8GGvMciH9i31oL\n      DlE9hgtABaZIoVslZ8Xz//xxGMTC9O2XcAnPw7W78htxxs0sKmIVR/gcfvRBDt56\n      uy1SeSELWIM5WZMA0uuFnLhYbTWsmY34fwKBwQD7FbJnfSkwqyDD/h4LXvBa9qLH\n      a3bq0yMSAfNYBubQ42wbM+wexvP2sl3kjM3fmsfa01GsH2q/zjO8vXhJu3NJg7c8\n      joZCpIyw2RNe0sTMyHR65C7G64rjdleOPWNDGiVzc+Mc5w8ndA7jcTbz1L6O862w\n      DcDeJ0U03ZGOKko2FvOJyphNlTnBPnwMf1Qe/wGC+SSC9g0qgl/k0LfSpQ/kEt5k\n      b4WWYnKlZdblhrudRqNYh5C1bL8rh3Tv0fMeiH0CgcAdvkxJL3e70AnEyI9FhYvK\n      GLYTt7zbPa6+oWrFABvm78uSW86yobCvNC3fJ7RTbN4NtRfFJjfPGG3nPdQDSsNy\n      hVwEFyPBQ7daikB20ov3Y7DaU7pPpqp+mi/kHNrmdayhmAVRseDBAPZ/XMmE7Sd+\n      fku6f1Ts0T1V5V10toezMvTUqHgcL/1Ll84rUSHDPDFmxV4XVr4b4GdPLq6uoga3\n      JEj1yyi+jTKoJ/SVHyq9A57ydHdMMnro21+9m8rNcWsCgcAV4UMlr4t6WT9GtQtL\n      NF+/nYR72kqHlhSVSiQ5hIhypY7TJAgsemviEJMMCpUaKjPGRun0FNzJkB+EEAK+\n      ch5OxrKeDVF31z0HYDNG7RkHO2SjHOVSok39Gl/w3jqbK1keIXgmGaCBcKSnf0Mp\n      pl1gua1mDRzEfymRvMklWVwUMJXSaRwyjpF03IwUzre258Pq9OkQnH5zON9AYkvS\n      iF3FIzvMBsfeXf/dl+1NHRuWTgSH/3BFzw8trOUszN/hxkUCgcEAtVfmjsr4guWi\n      jhTBUhFNSmb+lJuIMnUBUZwnSP6SdHD9FnexUHiszKC5hNonM1UqtYGA0hTxtO+4\n      OCUs4RU64J5mC9BK6qhjWleHdAdjVPZxVv8+updjAzpSIXOO7zPrklXMIYMsKvKP\n      4T5ngxuML58soxzg7rRP8zZYAnrgWCg83J/QfaBte1waaU11nY69in/WEyeTZ8Ky\n      wFqUkOlo1W1vq4/g+f3i+0J9x8XLJUzt0bAeQnxcLI4t2giwwALs\n      -----END RSA PRIVATE KEY-----\n\n\n#${file(\"~/.ssh/id_rsa.pub\")}\n#      - ssh-rsa AAAAB3NzaC1yc2EAAAADAQABAAABgQD4laEVoURAgG1LNWacvgtD8waxXOUMr4zt+yGyOXyBZF5bmqNeT+c112TYn0arJRX8aRiPgRcQhuBnrTPVAnyu8bKD3HptCJpsIj2acqC7Y3zlxbnsFlrlaVizDkLyDhia4hkQPlyQJNRFFNg6bkDrH0oRAbNax1xeVo1s9wDmZwYcInAPx8TU7WruHS/AuSkfP05MgfTYRCCLDASIN8QFDtslp6gZKkHeOztbAsqfmEjtRk/vS7ABghixMxqcIpLJI9WY3V6pGcsjbBy6izmON6N5rBp7ayrn5H2GHdxiF/lEtu2Fn7Iv4Y30+yxGiyndtWzy8xdhOeD8/l/xZjgSNuYIAB7CquGQLG7wI4hO7wGJ2oyPtX4ysWFIzFPwN+Og2bpYOPzFHHq6dxkf3030OCSUHmUpl9n/zx8Mq3nB+7wqn0YosUBa6i9V2Cq5BmLEaIk4AB9wIGeJcRF2T4zToX66i5kIH5wimuyzx7jzo+xiSvUqUWG1zEUZDRI3zgM= admin@localhost.localdomain\n"
            },
            "metadata_options": [
              {
                "aws_v1_http_endpoint": 1,
                "aws_v1_http_token": 2,
                "gce_http_endpoint": 1,
                "gce_http_token": 1
              }
            ],
            "name": "nat-instance",
            "network_acceleration_type": "standard",
            "network_interface": [
              {
                "dns_record": [],
                "index": 0,
                "ip_address": "192.168.10.254",
                "ipv4": true,
                "ipv6": false,
                "ipv6_address": "",
                "ipv6_dns_record": [],
                "mac_address": "d0:0d:de:4c:f1:4e",
                "nat": true,
                "nat_dns_record": [],
                "nat_ip_address": "158.160.111.208",
                "nat_ip_version": "IPV4",
                "security_group_ids": [],
                "subnet_id": "e9b264ucecot1kqgpfgp"
              }
            ],
            "placement_policy": [
              {
                "host_affinity_rules": [],
                "placement_group_id": "",
                "placement_group_partition": 0
              }
            ],
            "platform_id": "standard-v1",
            "resources": [
              {
                "core_fraction": 100,
                "cores": 2,
                "gpus": 0,
                "memory": 2
              }
            ],
            "scheduling_policy": [
              {
                "preemptible": false
              }
            ],
            "secondary_disk": [],
            "service_account_id": "",
            "status": "running",
            "timeouts": null,
            "zone": "ru-central1-a"
          },
          "sensitive_attributes": [],
          "private": "eyJlMmJmYjczMC1lY2FhLTExZTYtOGY4OC0zNDM2M2JjN2M0YzAiOnsiY3JlYXRlIjozMDAwMDAwMDAwMDAsImRlbGV0ZSI6MzAwMDAwMDAwMDAwLCJ1cGRhdGUiOjMwMDAwMDAwMDAwMH0sInNjaGVtYV92ZXJzaW9uIjoiMSJ9",
          "dependencies": [
            "yandex_vpc_network.lab-net",
            "yandex_vpc_subnet.public"
          ]
        }
      ]
    },
    {
      "mode": "managed",
      "type": "yandex_compute_instance",
      "name": "private-vm",
      "provider": "provider[\"registry.terraform.io/yandex-cloud/yandex\"]",
      "instances": [
        {
          "schema_version": 1,
          "attributes": {
            "allow_recreate": null,
            "allow_stopping_for_update": true,
            "boot_disk": [
              {
                "auto_delete": true,
                "device_name": "fhmlbhsna0pm1mlj76u2",
                "disk_id": "fhmlbhsna0pm1mlj76u2",
                "initialize_params": [
                  {
                    "block_size": 4096,
                    "description": "",
                    "image_id": "fd80mrhj8fl2oe87o4e1",
                    "name": "",
                    "size": 3,
                    "snapshot_id": "",
                    "type": "network-hdd"
                  }
                ],
                "mode": "READ_WRITE"
              }
            ],
            "created_at": "2024-04-26T14:47:20Z",
            "description": "",
            "filesystem": [],
            "folder_id": "b1g14qkpbc62vbfql4fm",
            "fqdn": "fhmc8230pg1a7a0sm0sn.auto.internal",
            "gpu_cluster_id": "",
            "hostname": "",
            "id": "fhmc8230pg1a7a0sm0sn",
            "labels": null,
            "local_disk": [],
            "maintenance_grace_period": "",
            "maintenance_policy": null,
            "metadata": {
              "user-data": "#cloud-config\nusers:\n  - name: alex\n    groups: sudo\n    ssh-authorized-keys:\n      - ssh-rsa AAAAB3NzaC1yc2EAAAADAQABAAABgQD4laEVoURAgG1LNWacvgtD8waxXOUMr4zt+yGyOXyBZF5bmqNeT+c112TYn0arJRX8aRiPgRcQhuBnrTPVAnyu8bKD3HptCJpsIj2acqC7Y3zlxbnsFlrlaVizDkLyDhia4hkQPlyQJNRFFNg6bkDrH0oRAbNax1xeVo1s9wDmZwYcInAPx8TU7WruHS/AuSkfP05MgfTYRCCLDASIN8QFDtslp6gZKkHeOztbAsqfmEjtRk/vS7ABghixMxqcIpLJI9WY3V6pGcsjbBy6izmON6N5rBp7ayrn5H2GHdxiF/lEtu2Fn7Iv4Y30+yxGiyndtWzy8xdhOeD8/l/xZjgSNuYIAB7CquGQLG7wI4hO7wGJ2oyPtX4ysWFIzFPwN+Og2bpYOPzFHHq6dxkf3030OCSUHmUpl9n/zx8Mq3nB+7wqn0YosUBa6i9V2Cq5BmLEaIk4AB9wIGeJcRF2T4zToX66i5kIH5wimuyzx7jzo+xiSvUqUWG1zEUZDRI3zgM= admin@localhost.localdomain\n "
            },
            "metadata_options": [
              {
                "aws_v1_http_endpoint": 1,
                "aws_v1_http_token": 2,
                "gce_http_endpoint": 1,
                "gce_http_token": 1
              }
            ],
            "name": "private-vm",
            "network_acceleration_type": "standard",
            "network_interface": [
              {
                "dns_record": [],
                "index": 0,
                "ip_address": "192.168.20.30",
                "ipv4": true,
                "ipv6": false,
                "ipv6_address": "",
                "ipv6_dns_record": [],
                "mac_address": "d0:0d:c4:08:60:cc",
                "nat": false,
                "nat_dns_record": [],
                "nat_ip_address": "",
                "nat_ip_version": "",
                "security_group_ids": [],
                "subnet_id": "e9be9oulf0kif50tanen"
              }
            ],
            "placement_policy": [
              {
                "host_affinity_rules": [],
                "placement_group_id": "",
                "placement_group_partition": 0
              }
            ],
            "platform_id": "standard-v1",
            "resources": [
              {
                "core_fraction": 100,
                "cores": 2,
                "gpus": 0,
                "memory": 2
              }
            ],
            "scheduling_policy": [
              {
                "preemptible": false
              }
            ],
            "secondary_disk": [],
            "service_account_id": "",
            "status": "running",
            "timeouts": null,
            "zone": "ru-central1-a"
          },
          "sensitive_attributes": [],
          "private": "eyJlMmJmYjczMC1lY2FhLTExZTYtOGY4OC0zNDM2M2JjN2M0YzAiOnsiY3JlYXRlIjozMDAwMDAwMDAwMDAsImRlbGV0ZSI6MzAwMDAwMDAwMDAwLCJ1cGRhdGUiOjMwMDAwMDAwMDAwMH0sInNjaGVtYV92ZXJzaW9uIjoiMSJ9",
          "dependencies": [
            "yandex_vpc_network.lab-net",
            "yandex_vpc_route_table.route",
            "yandex_vpc_subnet.private"
          ]
        }
      ]
    },
    {
      "mode": "managed",
      "type": "yandex_vpc_network",
      "name": "lab-net",
      "provider": "provider[\"registry.terraform.io/yandex-cloud/yandex\"]",
      "instances": [
        {
          "schema_version": 0,
          "attributes": {
            "created_at": "2024-04-26T14:47:15Z",
            "default_security_group_id": "enp344f4e7qvp6qhid2k",
            "description": "",
            "folder_id": "b1g14qkpbc62vbfql4fm",
            "id": "enpt28gpsmg76pmbk1pj",
            "labels": {},
            "name": "lab-net",
            "subnet_ids": [],
            "timeouts": null
          },
          "sensitive_attributes": [],
          "private": "eyJlMmJmYjczMC1lY2FhLTExZTYtOGY4OC0zNDM2M2JjN2M0YzAiOnsiY3JlYXRlIjo2MDAwMDAwMDAwMCwiZGVsZXRlIjo2MDAwMDAwMDAwMCwidXBkYXRlIjo2MDAwMDAwMDAwMH19"
        }
      ]
    },
    {
      "mode": "managed",
      "type": "yandex_vpc_route_table",
      "name": "route",
      "provider": "provider[\"registry.terraform.io/yandex-cloud/yandex\"]",
      "instances": [
        {
          "schema_version": 0,
          "attributes": {
            "created_at": "2024-04-26T14:47:18Z",
            "description": "",
            "folder_id": "b1g14qkpbc62vbfql4fm",
            "id": "enptolt4oa9mfd044nom",
            "labels": {},
            "name": "",
            "network_id": "enpt28gpsmg76pmbk1pj",
            "static_route": [
              {
                "destination_prefix": "0.0.0.0/0",
                "gateway_id": "",
                "next_hop_address": "192.168.10.254"
              }
            ],
            "timeouts": null
          },
          "sensitive_attributes": [],
          "private": "eyJlMmJmYjczMC1lY2FhLTExZTYtOGY4OC0zNDM2M2JjN2M0YzAiOnsiY3JlYXRlIjoxODAwMDAwMDAwMDAsImRlbGV0ZSI6MTgwMDAwMDAwMDAwLCJ1cGRhdGUiOjE4MDAwMDAwMDAwMH19",
          "dependencies": [
            "yandex_vpc_network.lab-net"
          ]
        }
      ]
    },
    {
      "mode": "managed",
      "type": "yandex_vpc_subnet",
      "name": "private",
      "provider": "provider[\"registry.terraform.io/yandex-cloud/yandex\"]",
      "instances": [
        {
          "schema_version": 0,
          "attributes": {
            "created_at": "2024-04-26T14:47:19Z",
            "description": "",
            "dhcp_options": [],
            "folder_id": "b1g14qkpbc62vbfql4fm",
            "id": "e9be9oulf0kif50tanen",
            "labels": {},
            "name": "private",
            "network_id": "enpt28gpsmg76pmbk1pj",
            "route_table_id": "enptolt4oa9mfd044nom",
            "timeouts": null,
            "v4_cidr_blocks": [
              "192.168.20.0/24"
            ],
            "v6_cidr_blocks": [],
            "zone": "ru-central1-a"
          },
          "sensitive_attributes": [],
          "private": "eyJlMmJmYjczMC1lY2FhLTExZTYtOGY4OC0zNDM2M2JjN2M0YzAiOnsiY3JlYXRlIjoxODAwMDAwMDAwMDAsImRlbGV0ZSI6MTgwMDAwMDAwMDAwLCJ1cGRhdGUiOjE4MDAwMDAwMDAwMH19",
          "dependencies": [
            "yandex_vpc_network.lab-net",
            "yandex_vpc_route_table.route"
          ]
        }
      ]
    },
    {
      "mode": "managed",
      "type": "yandex_vpc_subnet",
      "name": "public",
      "provider": "provider[\"registry.terraform.io/yandex-cloud/yandex\"]",
      "instances": [
        {
          "schema_version": 0,
          "attributes": {
            "created_at": "2024-04-26T14:47:18Z",
            "description": "",
            "dhcp_options": [],
            "folder_id": "b1g14qkpbc62vbfql4fm",
            "id": "e9b264ucecot1kqgpfgp",
            "labels": {},
            "name": "public",
            "network_id": "enpt28gpsmg76pmbk1pj",
            "route_table_id": "",
            "timeouts": null,
            "v4_cidr_blocks": [
              "192.168.10.0/24"
            ],
            "v6_cidr_blocks": [],
            "zone": "ru-central1-a"
          },
          "sensitive_attributes": [],
          "private": "eyJlMmJmYjczMC1lY2FhLTExZTYtOGY4OC0zNDM2M2JjN2M0YzAiOnsiY3JlYXRlIjoxODAwMDAwMDAwMDAsImRlbGV0ZSI6MTgwMDAwMDAwMDAwLCJ1cGRhdGUiOjE4MDAwMDAwMDAwMH19",
          "dependencies": [
            "yandex_vpc_network.lab-net"
          ]
        }
      ]
    }
  ],
  "check_results": null
}
